
Microsoft Visual Studio Solution File, Format Version 12.00
# Visual Studio 15
Project("{FAE04EC0-301F-11D3-BF4B-00C04F79EFBC}") = "Unity.Timeline", "Unity.Timeline.csproj", "{3A1C001D-8C5D-804B-6111-BDD4A04CD7F0}"
EndProject
Project("{FAE04EC0-301F-11D3-BF4B-00C04F79EFBC}") = "Unity.Timeline.Editor", "Unity.Timeline.Editor.csproj", "{EBB1FE2D-D47B-C721-04E7-5B2D9E8809DF}"
EndProject
Project("{FAE04EC0-301F-11D3-BF4B-00C04F79EFBC}") = "Unity.TextMeshPro.Editor", "Unity.TextMeshPro.Editor.csproj", "{F65D655C-0942-DA83-4527-6CBFEE81F47C}"
EndProject
Project("{FAE04EC0-301F-11D3-BF4B-00C04F79EFBC}") = "Unity.VisualScripting.Flow", "Unity.VisualScripting.Flow.csproj", "{B826E791-4618-B85B-5364-2C3D0356DE7F}"
EndProject
Project("{FAE04EC0-301F-11D3-BF4B-00C04F79EFBC}") = "UnityEditor.UI", "UnityEditor.UI.csproj", "{64E8C66E-D46D-68E9-B6AE-EC6F56D25A0E}"
EndProject
Project("{FAE04EC0-301F-11D3-BF4B-00C04F79EFBC}") = "Unity.PlasticSCM.Editor", "Unity.PlasticSCM.Editor.csproj", "{2CD22A7F-D910-0492-93EA-427D94970002}"
EndProject
Project("{FAE04EC0-301F-11D3-BF4B-00C04F79EFBC}") = "Unity.VisualScripting.Core", "Unity.VisualScripting.Core.csproj", "{D4BA3A89-752D-D8EF-60D8-A9CB65862177}"
EndProject
Project("{FAE04EC0-301F-11D3-BF4B-00C04F79EFBC}") = "Unity.VisualScripting.Core.Editor", "Unity.VisualScripting.Core.Editor.csproj", "{6211D7A1-A0D1-7FB4-80F6-DE76599EF68E}"
EndProject
Project("{FAE04EC0-301F-11D3-BF4B-00C04F79EFBC}") = "Unity.VisualScripting.Flow.Editor", "Unity.VisualScripting.Flow.Editor.csproj", "{0EA2FA52-EEAF-A1C3-231E-2B82960E14D3}"
EndProject
Project("{FAE04EC0-301F-11D3-BF4B-00C04F79EFBC}") = "UnityEditor.TestRunner", "UnityEditor.TestRunner.csproj", "{444538F2-3ED8-9B92-494C-9FD8D7EC264F}"
EndProject
Project("{FAE04EC0-301F-11D3-BF4B-00C04F79EFBC}") = "Unity.VisualScripting.SettingsProvider.Editor", "Unity.VisualScripting.SettingsProvider.Editor.csproj", "{04884A43-6924-845E-9A4E-B4131F681BD5}"
EndProject
Project("{FAE04EC0-301F-11D3-BF4B-00C04F79EFBC}") = "UnityEngine.TestRunner", "UnityEngine.TestRunner.csproj", "{9BA18702-8DBF-2AB6-417F-359355752649}"
EndProject
Project("{FAE04EC0-301F-11D3-BF4B-00C04F79EFBC}") = "UnityEngine.UI", "UnityEngine.UI.csproj", "{057B5A30-11F8-4B85-5BD5-014172EE46AB}"
EndProject
Project("{FAE04EC0-301F-11D3-BF4B-00C04F79EFBC}") = "Unity.VisualStudio.Editor", "Unity.VisualStudio.Editor.csproj", "{E000C7F5-C291-0C84-F7AA-487865BC9F76}"
EndProject
Project("{FAE04EC0-301F-11D3-BF4B-00C04F79EFBC}") = "Unity.TestTools.CodeCoverage.Editor.OpenCover.Model", "Unity.TestTools.CodeCoverage.Editor.OpenCover.Model.csproj", "{DF5D3D3D-57D6-7C1A-ECBC-2B98557D37A9}"
EndProject
Project("{FAE04EC0-301F-11D3-BF4B-00C04F79EFBC}") = "Unity.Rider.Editor", "Unity.Rider.Editor.csproj", "{EB8EA5FE-AFB2-CDA9-274E-80F5F48D2DFA}"
EndProject
Project("{FAE04EC0-301F-11D3-BF4B-00C04F79EFBC}") = "Unity.VisualScripting.State.Editor", "Unity.VisualScripting.State.Editor.csproj", "{4D1FCA2B-F2F9-78D5-C5C4-8F2BF08718E7}"
EndProject
Project("{FAE04EC0-301F-11D3-BF4B-00C04F79EFBC}") = "Unity.TestTools.CodeCoverage.Editor", "Unity.TestTools.CodeCoverage.Editor.csproj", "{785787D2-FA62-8CF2-4EEA-20827F3B5AE7}"
EndProject
Project("{FAE04EC0-301F-11D3-BF4B-00C04F79EFBC}") = "Unity.VisualScripting.State", "Unity.VisualScripting.State.csproj", "{E1496ED5-E833-1DF1-2EA5-0CE18DA69CB2}"
EndProject
Project("{FAE04EC0-301F-11D3-BF4B-00C04F79EFBC}") = "Unity.TextMeshPro", "Unity.TextMeshPro.csproj", "{9F44FCF8-C40E-5ED8-0327-6D8B49E8079D}"
EndProject
Project("{FAE04EC0-301F-11D3-BF4B-00C04F79EFBC}") = "Unity.Performance.Profile-Analyzer.Editor", "Unity.Performance.Profile-Analyzer.Editor.csproj", "{2518944D-10FD-EAE4-4CEC-CD451C1D1370}"
EndProject
Project("{FAE04EC0-301F-11D3-BF4B-00C04F79EFBC}") = "Unity.VSCode.Editor", "Unity.VSCode.Editor.csproj", "{2ED73812-E5AD-5E89-417E-6C35241602EB}"
EndProject
Project("{FAE04EC0-301F-11D3-BF4B-00C04F79EFBC}") = "Unity.TestTools.CodeCoverage.Editor.OpenCover.Mono.Reflection", "Unity.TestTools.CodeCoverage.Editor.OpenCover.Mono.Reflection.csproj", "{7055B5BB-7A85-E959-A2CB-3F884B08D0C4}"
EndProject
Project("{FAE04EC0-301F-11D3-BF4B-00C04F79EFBC}") = "Assembly-CSharp", "Assembly-CSharp.csproj", "{83B682E6-62D4-27C0-A892-6534B5E63379}"
EndProject
Project("{FAE04EC0-301F-11D3-BF4B-00C04F79EFBC}") = "Unity.Settings.Editor", "Unity.Settings.Editor.csproj", "{FF769C62-36E7-2BFD-A0D4-4337694480BE}"
EndProject
Project("{FAE04EC0-301F-11D3-BF4B-00C04F79EFBC}") = "Unity.EditorCoroutines.Editor", "Unity.EditorCoroutines.Editor.csproj", "{2ADBEA33-7665-CB4F-720C-3D0D2F46C2F2}"
EndProject
Project("{FAE04EC0-301F-11D3-BF4B-00C04F79EFBC}") = "Unity.VisualScripting.Shared.Editor", "Unity.VisualScripting.Shared.Editor.csproj", "{C10AB194-AA14-EF50-7307-2FDC46B45EB0}"
EndProject
Project("{FAE04EC0-301F-11D3-BF4B-00C04F79EFBC}") = "Unity.CollabProxy.Editor", "Unity.CollabProxy.Editor.csproj", "{5516F5A7-9954-B73F-A0AB-8AF52A401A5A}"
EndProject
Project("{FAE04EC0-301F-11D3-BF4B-00C04F79EFBC}") = "Unity.Timeline", "Unity.Timeline.Player.csproj", "{8AC4ADFF-1F0E-3B32-52C6-A100DDCD441C}"
EndProject
Project("{FAE04EC0-301F-11D3-BF4B-00C04F79EFBC}") = "Unity.VisualScripting.Flow", "Unity.VisualScripting.Flow.Player.csproj", "{EC37CE10-2518-5522-C5CE-94A84B2088BB}"
EndProject
Project("{FAE04EC0-301F-11D3-BF4B-00C04F79EFBC}") = "Unity.VisualScripting.Core", "Unity.VisualScripting.Core.Player.csproj", "{A6D1BEAA-C9C5-ED91-8E35-E3BE31E03FBA}"
EndProject
Project("{FAE04EC0-301F-11D3-BF4B-00C04F79EFBC}") = "UnityEngine.TestRunner", "UnityEngine.TestRunner.Player.csproj", "{DBDBF742-526C-41CF-8868-558F52C88E13}"
EndProject
Project("{FAE04EC0-301F-11D3-BF4B-00C04F79EFBC}") = "UnityEngine.UI", "UnityEngine.UI.Player.csproj", "{17EE80BB-2638-1AD9-6CDF-C90A6BD0B0B7}"
EndProject
Project("{FAE04EC0-301F-11D3-BF4B-00C04F79EFBC}") = "Unity.VisualScripting.State", "Unity.VisualScripting.State.Player.csproj", "{D1A64906-7BC4-A39E-3365-3F940677B252}"
EndProject
Project("{FAE04EC0-301F-11D3-BF4B-00C04F79EFBC}") = "Unity.TextMeshPro", "Unity.TextMeshPro.Player.csproj", "{D3513D57-9D1A-452A-DB94-35E719573B49}"
EndProject
Project("{FAE04EC0-301F-11D3-BF4B-00C04F79EFBC}") = "Assembly-CSharp", "Assembly-CSharp.Player.csproj", "{C5DA45C3-8291-C2F5-3F54-DAE31B084C2A}"
EndProject
Global
	GlobalSection(SolutionConfigurationPlatforms) = preSolution
		Debug|Any CPU = Debug|Any CPU
		Release|Any CPU = Release|Any CPU
	EndGlobalSection
	GlobalSection(ProjectConfigurationPlatforms) = postSolution
		{3A1C001D-8C5D-804B-6111-BDD4A04CD7F0}.Debug|Any CPU.ActiveCfg = Debug|Any CPU
		{3A1C001D-8C5D-804B-6111-BDD4A04CD7F0}.Debug|Any CPU.Build.0 = Debug|Any CPU
		{3A1C001D-8C5D-804B-6111-BDD4A04CD7F0}.Release|Any CPU.ActiveCfg = Release|Any CPU
		{3A1C001D-8C5D-804B-6111-BDD4A04CD7F0}.Release|Any CPU.Build.0 = Release|Any CPU
		{EBB1FE2D-D47B-C721-04E7-5B2D9E8809DF}.Debug|Any CPU.ActiveCfg = Debug|Any CPU
		{EBB1FE2D-D47B-C721-04E7-5B2D9E8809DF}.Debug|Any CPU.Build.0 = Debug|Any CPU
		{EBB1FE2D-D47B-C721-04E7-5B2D9E8809DF}.Release|Any CPU.ActiveCfg = Release|Any CPU
		{EBB1FE2D-D47B-C721-04E7-5B2D9E8809DF}.Release|Any CPU.Build.0 = Release|Any CPU
		{F65D655C-0942-DA83-4527-6CBFEE81F47C}.Debug|Any CPU.ActiveCfg = Debug|Any CPU
		{F65D655C-0942-DA83-4527-6CBFEE81F47C}.Debug|Any CPU.Build.0 = Debug|Any CPU
		{F65D655C-0942-DA83-4527-6CBFEE81F47C}.Release|Any CPU.ActiveCfg = Release|Any CPU
		{F65D655C-0942-DA83-4527-6CBFEE81F47C}.Release|Any CPU.Build.0 = Release|Any CPU
		{B826E791-4618-B85B-5364-2C3D0356DE7F}.Debug|Any CPU.ActiveCfg = Debug|Any CPU
		{B826E791-4618-B85B-5364-2C3D0356DE7F}.Debug|Any CPU.Build.0 = Debug|Any CPU
		{B826E791-4618-B85B-5364-2C3D0356DE7F}.Release|Any CPU.ActiveCfg = Release|Any CPU
		{B826E791-4618-B85B-5364-2C3D0356DE7F}.Release|Any CPU.Build.0 = Release|Any CPU
		{64E8C66E-D46D-68E9-B6AE-EC6F56D25A0E}.Debug|Any CPU.ActiveCfg = Debug|Any CPU
		{64E8C66E-D46D-68E9-B6AE-EC6F56D25A0E}.Debug|Any CPU.Build.0 = Debug|Any CPU
		{64E8C66E-D46D-68E9-B6AE-EC6F56D25A0E}.Release|Any CPU.ActiveCfg = Release|Any CPU
		{64E8C66E-D46D-68E9-B6AE-EC6F56D25A0E}.Release|Any CPU.Build.0 = Release|Any CPU
		{2CD22A7F-D910-0492-93EA-427D94970002}.Debug|Any CPU.ActiveCfg = Debug|Any CPU
		{2CD22A7F-D910-0492-93EA-427D94970002}.Debug|Any CPU.Build.0 = Debug|Any CPU
		{2CD22A7F-D910-0492-93EA-427D94970002}.Release|Any CPU.ActiveCfg = Release|Any CPU
		{2CD22A7F-D910-0492-93EA-427D94970002}.Release|Any CPU.Build.0 = Release|Any CPU
		{D4BA3A89-752D-D8EF-60D8-A9CB65862177}.Debug|Any CPU.ActiveCfg = Debug|Any CPU
		{D4BA3A89-752D-D8EF-60D8-A9CB65862177}.Debug|Any CPU.Build.0 = Debug|Any CPU
		{D4BA3A89-752D-D8EF-60D8-A9CB65862177}.Release|Any CPU.ActiveCfg = Release|Any CPU
		{D4BA3A89-752D-D8EF-60D8-A9CB65862177}.Release|Any CPU.Build.0 = Release|Any CPU
		{6211D7A1-A0D1-7FB4-80F6-DE76599EF68E}.Debug|Any CPU.ActiveCfg = Debug|Any CPU
		{6211D7A1-A0D1-7FB4-80F6-DE76599EF68E}.Debug|Any CPU.Build.0 = Debug|Any CPU
		{6211D7A1-A0D1-7FB4-80F6-DE76599EF68E}.Release|Any CPU.ActiveCfg = Release|Any CPU
		{6211D7A1-A0D1-7FB4-80F6-DE76599EF68E}.Release|Any CPU.Build.0 = Release|Any CPU
		{0EA2FA52-EEAF-A1C3-231E-2B82960E14D3}.Debug|Any CPU.ActiveCfg = Debug|Any CPU
		{0EA2FA52-EEAF-A1C3-231E-2B82960E14D3}.Debug|Any CPU.Build.0 = Debug|Any CPU
		{0EA2FA52-EEAF-A1C3-231E-2B82960E14D3}.Release|Any CPU.ActiveCfg = Release|Any CPU
		{0EA2FA52-EEAF-A1C3-231E-2B82960E14D3}.Release|Any CPU.Build.0 = Release|Any CPU
		{444538F2-3ED8-9B92-494C-9FD8D7EC264F}.Debug|Any CPU.ActiveCfg = Debug|Any CPU
		{444538F2-3ED8-9B92-494C-9FD8D7EC264F}.Debug|Any CPU.Build.0 = Debug|Any CPU
		{444538F2-3ED8-9B92-494C-9FD8D7EC264F}.Release|Any CPU.ActiveCfg = Release|Any CPU
		{444538F2-3ED8-9B92-494C-9FD8D7EC264F}.Release|Any CPU.Build.0 = Release|Any CPU
		{04884A43-6924-845E-9A4E-B4131F681BD5}.Debug|Any CPU.ActiveCfg = Debug|Any CPU
		{04884A43-6924-845E-9A4E-B4131F681BD5}.Debug|Any CPU.Build.0 = Debug|Any CPU
		{04884A43-6924-845E-9A4E-B4131F681BD5}.Release|Any CPU.ActiveCfg = Release|Any CPU
		{04884A43-6924-845E-9A4E-B4131F681BD5}.Release|Any CPU.Build.0 = Release|Any CPU
		{9BA18702-8DBF-2AB6-417F-359355752649}.Debug|Any CPU.ActiveCfg = Debug|Any CPU
		{9BA18702-8DBF-2AB6-417F-359355752649}.Debug|Any CPU.Build.0 = Debug|Any CPU
		{9BA18702-8DBF-2AB6-417F-359355752649}.Release|Any CPU.ActiveCfg = Release|Any CPU
		{9BA18702-8DBF-2AB6-417F-359355752649}.Release|Any CPU.Build.0 = Release|Any CPU
		{057B5A30-11F8-4B85-5BD5-014172EE46AB}.Debug|Any CPU.ActiveCfg = Debug|Any CPU
		{057B5A30-11F8-4B85-5BD5-014172EE46AB}.Debug|Any CPU.Build.0 = Debug|Any CPU
		{057B5A30-11F8-4B85-5BD5-014172EE46AB}.Release|Any CPU.ActiveCfg = Release|Any CPU
		{057B5A30-11F8-4B85-5BD5-014172EE46AB}.Release|Any CPU.Build.0 = Release|Any CPU
		{E000C7F5-C291-0C84-F7AA-487865BC9F76}.Debug|Any CPU.ActiveCfg = Debug|Any CPU
		{E000C7F5-C291-0C84-F7AA-487865BC9F76}.Debug|Any CPU.Build.0 = Debug|Any CPU
		{E000C7F5-C291-0C84-F7AA-487865BC9F76}.Release|Any CPU.ActiveCfg = Release|Any CPU
		{E000C7F5-C291-0C84-F7AA-487865BC9F76}.Release|Any CPU.Build.0 = Release|Any CPU
		{DF5D3D3D-57D6-7C1A-ECBC-2B98557D37A9}.Debug|Any CPU.ActiveCfg = Debug|Any CPU
		{DF5D3D3D-57D6-7C1A-ECBC-2B98557D37A9}.Debug|Any CPU.Build.0 = Debug|Any CPU
		{DF5D3D3D-57D6-7C1A-ECBC-2B98557D37A9}.Release|Any CPU.ActiveCfg = Release|Any CPU
		{DF5D3D3D-57D6-7C1A-ECBC-2B98557D37A9}.Release|Any CPU.Build.0 = Release|Any CPU
		{EB8EA5FE-AFB2-CDA9-274E-80F5F48D2DFA}.Debug|Any CPU.ActiveCfg = Debug|Any CPU
		{EB8EA5FE-AFB2-CDA9-274E-80F5F48D2DFA}.Debug|Any CPU.Build.0 = Debug|Any CPU
		{EB8EA5FE-AFB2-CDA9-274E-80F5F48D2DFA}.Release|Any CPU.ActiveCfg = Release|Any CPU
		{EB8EA5FE-AFB2-CDA9-274E-80F5F48D2DFA}.Release|Any CPU.Build.0 = Release|Any CPU
		{4D1FCA2B-F2F9-78D5-C5C4-8F2BF08718E7}.Debug|Any CPU.ActiveCfg = Debug|Any CPU
		{4D1FCA2B-F2F9-78D5-C5C4-8F2BF08718E7}.Debug|Any CPU.Build.0 = Debug|Any CPU
		{4D1FCA2B-F2F9-78D5-C5C4-8F2BF08718E7}.Release|Any CPU.ActiveCfg = Release|Any CPU
		{4D1FCA2B-F2F9-78D5-C5C4-8F2BF08718E7}.Release|Any CPU.Build.0 = Release|Any CPU
		{785787D2-FA62-8CF2-4EEA-20827F3B5AE7}.Debug|Any CPU.ActiveCfg = Debug|Any CPU
		{785787D2-FA62-8CF2-4EEA-20827F3B5AE7}.Debug|Any CPU.Build.0 = Debug|Any CPU
		{785787D2-FA62-8CF2-4EEA-20827F3B5AE7}.Release|Any CPU.ActiveCfg = Release|Any CPU
		{785787D2-FA62-8CF2-4EEA-20827F3B5AE7}.Release|Any CPU.Build.0 = Release|Any CPU
		{E1496ED5-E833-1DF1-2EA5-0CE18DA69CB2}.Debug|Any CPU.ActiveCfg = Debug|Any CPU
		{E1496ED5-E833-1DF1-2EA5-0CE18DA69CB2}.Debug|Any CPU.Build.0 = Debug|Any CPU
		{E1496ED5-E833-1DF1-2EA5-0CE18DA69CB2}.Release|Any CPU.ActiveCfg = Release|Any CPU
		{E1496ED5-E833-1DF1-2EA5-0CE18DA69CB2}.Release|Any CPU.Build.0 = Release|Any CPU
		{9F44FCF8-C40E-5ED8-0327-6D8B49E8079D}.Debug|Any CPU.ActiveCfg = Debug|Any CPU
		{9F44FCF8-C40E-5ED8-0327-6D8B49E8079D}.Debug|Any CPU.Build.0 = Debug|Any CPU
		{9F44FCF8-C40E-5ED8-0327-6D8B49E8079D}.Release|Any CPU.ActiveCfg = Release|Any CPU
		{9F44FCF8-C40E-5ED8-0327-6D8B49E8079D}.Release|Any CPU.Build.0 = Release|Any CPU
		{2518944D-10FD-EAE4-4CEC-CD451C1D1370}.Debug|Any CPU.ActiveCfg = Debug|Any CPU
		{2518944D-10FD-EAE4-4CEC-CD451C1D1370}.Debug|Any CPU.Build.0 = Debug|Any CPU
		{2518944D-10FD-EAE4-4CEC-CD451C1D1370}.Release|Any CPU.ActiveCfg = Release|Any CPU
		{2518944D-10FD-EAE4-4CEC-CD451C1D1370}.Release|Any CPU.Build.0 = Release|Any CPU
		{2ED73812-E5AD-5E89-417E-6C35241602EB}.Debug|Any CPU.ActiveCfg = Debug|Any CPU
		{2ED73812-E5AD-5E89-417E-6C35241602EB}.Debug|Any CPU.Build.0 = Debug|Any CPU
		{2ED73812-E5AD-5E89-417E-6C35241602EB}.Release|Any CPU.ActiveCfg = Release|Any CPU
		{2ED73812-E5AD-5E89-417E-6C35241602EB}.Release|Any CPU.Build.0 = Release|Any CPU
		{7055B5BB-7A85-E959-A2CB-3F884B08D0C4}.Debug|Any CPU.ActiveCfg = Debug|Any CPU
		{7055B5BB-7A85-E959-A2CB-3F884B08D0C4}.Debug|Any CPU.Build.0 = Debug|Any CPU
		{7055B5BB-7A85-E959-A2CB-3F884B08D0C4}.Release|Any CPU.ActiveCfg = Release|Any CPU
		{7055B5BB-7A85-E959-A2CB-3F884B08D0C4}.Release|Any CPU.Build.0 = Release|Any CPU
		{83B682E6-62D4-27C0-A892-6534B5E63379}.Debug|Any CPU.ActiveCfg = Debug|Any CPU
		{83B682E6-62D4-27C0-A892-6534B5E63379}.Debug|Any CPU.Build.0 = Debug|Any CPU
		{83B682E6-62D4-27C0-A892-6534B5E63379}.Release|Any CPU.ActiveCfg = Release|Any CPU
		{83B682E6-62D4-27C0-A892-6534B5E63379}.Release|Any CPU.Build.0 = Release|Any CPU
		{FF769C62-36E7-2BFD-A0D4-4337694480BE}.Debug|Any CPU.ActiveCfg = Debug|Any CPU
		{FF769C62-36E7-2BFD-A0D4-4337694480BE}.Debug|Any CPU.Build.0 = Debug|Any CPU
		{FF769C62-36E7-2BFD-A0D4-4337694480BE}.Release|Any CPU.ActiveCfg = Release|Any CPU
		{FF769C62-36E7-2BFD-A0D4-4337694480BE}.Release|Any CPU.Build.0 = Release|Any CPU
		{2ADBEA33-7665-CB4F-720C-3D0D2F46C2F2}.Debug|Any CPU.ActiveCfg = Debug|Any CPU
		{2ADBEA33-7665-CB4F-720C-3D0D2F46C2F2}.Debug|Any CPU.Build.0 = Debug|Any CPU
		{2ADBEA33-7665-CB4F-720C-3D0D2F46C2F2}.Release|Any CPU.ActiveCfg = Release|Any CPU
		{2ADBEA33-7665-CB4F-720C-3D0D2F46C2F2}.Release|Any CPU.Build.0 = Release|Any CPU
		{C10AB194-AA14-EF50-7307-2FDC46B45EB0}.Debug|Any CPU.ActiveCfg = Debug|Any CPU
		{C10AB194-AA14-EF50-7307-2FDC46B45EB0}.Debug|Any CPU.Build.0 = Debug|Any CPU
		{C10AB194-AA14-EF50-7307-2FDC46B45EB0}.Release|Any CPU.ActiveCfg = Release|Any CPU
		{C10AB194-AA14-EF50-7307-2FDC46B45EB0}.Release|Any CPU.Build.0 = Release|Any CPU
		{5516F5A7-9954-B73F-A0AB-8AF52A401A5A}.Debug|Any CPU.ActiveCfg = Debug|Any CPU
		{5516F5A7-9954-B73F-A0AB-8AF52A401A5A}.Debug|Any CPU.Build.0 = Debug|Any CPU
		{5516F5A7-9954-B73F-A0AB-8AF52A401A5A}.Release|Any CPU.ActiveCfg = Release|Any CPU
		{5516F5A7-9954-B73F-A0AB-8AF52A401A5A}.Release|Any CPU.Build.0 = Release|Any CPU
		{8AC4ADFF-1F0E-3B32-52C6-A100DDCD441C}.Debug|Any CPU.ActiveCfg = Debug|Any CPU
		{8AC4ADFF-1F0E-3B32-52C6-A100DDCD441C}.Debug|Any CPU.Build.0 = Debug|Any CPU
		{8AC4ADFF-1F0E-3B32-52C6-A100DDCD441C}.Release|Any CPU.ActiveCfg = Release|Any CPU
		{8AC4ADFF-1F0E-3B32-52C6-A100DDCD441C}.Release|Any CPU.Build.0 = Release|Any CPU
		{EC37CE10-2518-5522-C5CE-94A84B2088BB}.Debug|Any CPU.ActiveCfg = Debug|Any CPU
		{EC37CE10-2518-5522-C5CE-94A84B2088BB}.Debug|Any CPU.Build.0 = Debug|Any CPU
		{EC37CE10-2518-5522-C5CE-94A84B2088BB}.Release|Any CPU.ActiveCfg = Release|Any CPU
		{EC37CE10-2518-5522-C5CE-94A84B2088BB}.Release|Any CPU.Build.0 = Release|Any CPU
		{A6D1BEAA-C9C5-ED91-8E35-E3BE31E03FBA}.Debug|Any CPU.ActiveCfg = Debug|Any CPU
		{A6D1BEAA-C9C5-ED91-8E35-E3BE31E03FBA}.Debug|Any CPU.Build.0 = Debug|Any CPU
		{A6D1BEAA-C9C5-ED91-8E35-E3BE31E03FBA}.Release|Any CPU.ActiveCfg = Release|Any CPU
		{A6D1BEAA-C9C5-ED91-8E35-E3BE31E03FBA}.Release|Any CPU.Build.0 = Release|Any CPU
		{DBDBF742-526C-41CF-8868-558F52C88E13}.Debug|Any CPU.ActiveCfg = Debug|Any CPU
		{DBDBF742-526C-41CF-8868-558F52C88E13}.Debug|Any CPU.Build.0 = Debug|Any CPU
		{DBDBF742-526C-41CF-8868-558F52C88E13}.Release|Any CPU.ActiveCfg = Release|Any CPU
		{DBDBF742-526C-41CF-8868-558F52C88E13}.Release|Any CPU.Build.0 = Release|Any CPU
		{17EE80BB-2638-1AD9-6CDF-C90A6BD0B0B7}.Debug|Any CPU.ActiveCfg = Debug|Any CPU
		{17EE80BB-2638-1AD9-6CDF-C90A6BD0B0B7}.Debug|Any CPU.Build.0 = Debug|Any CPU
		{17EE80BB-2638-1AD9-6CDF-C90A6BD0B0B7}.Release|Any CPU.ActiveCfg = Release|Any CPU
		{17EE80BB-2638-1AD9-6CDF-C90A6BD0B0B7}.Release|Any CPU.Build.0 = Release|Any CPU
		{D1A64906-7BC4-A39E-3365-3F940677B252}.Debug|Any CPU.ActiveCfg = Debug|Any CPU
		{D1A64906-7BC4-A39E-3365-3F940677B252}.Debug|Any CPU.Build.0 = Debug|Any CPU
		{D1A64906-7BC4-A39E-3365-3F940677B252}.Release|Any CPU.ActiveCfg = Release|Any CPU
		{D1A64906-7BC4-A39E-3365-3F940677B252}.Release|Any CPU.Build.0 = Release|Any CPU
		{D3513D57-9D1A-452A-DB94-35E719573B49}.Debug|Any CPU.ActiveCfg = Debug|Any CPU
		{D3513D57-9D1A-452A-DB94-35E719573B49}.Debug|Any CPU.Build.0 = Debug|Any CPU
		{D3513D57-9D1A-452A-DB94-35E719573B49}.Release|Any CPU.ActiveCfg = Release|Any CPU
		{D3513D57-9D1A-452A-DB94-35E719573B49}.Release|Any CPU.Build.0 = Release|Any CPU
		{C5DA45C3-8291-C2F5-3F54-DAE31B084C2A}.Debug|Any CPU.ActiveCfg = Debug|Any CPU
		{C5DA45C3-8291-C2F5-3F54-DAE31B084C2A}.Debug|Any CPU.Build.0 = Debug|Any CPU
		{C5DA45C3-8291-C2F5-3F54-DAE31B084C2A}.Release|Any CPU.ActiveCfg = Release|Any CPU
		{C5DA45C3-8291-C2F5-3F54-DAE31B084C2A}.Release|Any CPU.Build.0 = Release|Any CPU
	EndGlobalSection
	GlobalSection(SolutionProperties) = preSolution
		HideSolutionNode = FALSE
	EndGlobalSection
EndGlobal
